{
  "requires": true,
  "lockfileVersion": 1,
  "dependencies": {
    "animate.css": {
      "version": "3.6.1",
      "resolved": "https://registry.npmjs.org/animate.css/-/animate.css-3.6.1.tgz",
      "integrity": "sha512-xEIzzKyQvQSIldgrtC2d/qptAEQLVlMb6xQrjQ6HU6NyGhF7LAIivRZVmhSAg4EICRASNiS+A1G+wvAKTCoC7A=="
    },
    "bootstrap": {
      "version": "4.1.1",
      "resolved": "https://registry.npmjs.org/bootstrap/-/bootstrap-4.1.1.tgz",
      "integrity": "sha512-SpiDSOcbg4J/PjVSt4ny5eY6j74VbVSjROY4Fb/WIUXBV9cnb5luyR4KnPvNoXuGnBK1T+nJIWqRsvU3yP8Mcg=="
    },
    "jquery": {
      "version": "3.3.1",
      "resolved": "https://registry.npmjs.org/jquery/-/jquery-3.3.1.tgz",
      "integrity": "sha512-Ubldcmxp5np52/ENotGxlLe6aGMvmF4R8S6tZjsP6Knsaxd/xp3Zrh50cG93lR6nPXyUFwzN3ZSOQI0wRJNdGg=="
    },
    "lightbox2": {
      "version": "2.10.0",
      "resolved": "https://registry.npmjs.org/lightbox2/-/lightbox2-2.10.0.tgz",
      "integrity": "sha1-BrP3t718EzLCDQN2AtlldUL9feQ="
    },
    "mdbootstrap": {
      "version": "4.5.4",
      "resolved": "https://registry.npmjs.org/mdbootstrap/-/mdbootstrap-4.5.4.tgz",
      "integrity": "sha512-fxx3xjRoApxKx5JH/sDxoeWFuOWqQymSYA938Xw+ZUzBzH0xC3pvXlKVkopinusTHInECjkzERsA4+9uOqjr+A=="
    },
    "modularscale-sass": {
      "version": "3.0.5",
      "resolved": "https://registry.npmjs.org/modularscale-sass/-/modularscale-sass-3.0.5.tgz",
      "integrity": "sha512-I6P3GKSUUa4Z8atzXaw9pBJZLMzelY/fkyN2M+4cwc4aMdt79ROA51wlGEJQ+F3EysJlwoxHR2SpkloS/TgjAA=="
    },
    "popper.js": {
      "version": "1.14.3",
      "resolved": "https://registry.npmjs.org/popper.js/-/popper.js-1.14.3.tgz",
      "integrity": "sha1-FDj5jQRqz3tNeM1QK/QYrGTU8JU="
    },
    "wowjs": {
      "version": "1.1.3",
      "resolved": "https://registry.npmjs.org/wowjs/-/wowjs-1.1.3.tgz",
      "integrity": "sha1-RA/Bu0x+iWhA7keXIpaitZB1rL0=",
      "requires": {
        "animate.css": "^3.6.1"
      },
      "dependencies": {
        "animate.css": {
          "version": "3.6.1",
          "resolved": "https://registry.npmjs.org/animate.css/-/animate.css-3.6.1.tgz",
          "integrity": "sha512-xEIzzKyQvQSIldgrtC2d/qptAEQLVlMb6xQrjQ6HU6NyGhF7LAIivRZVmhSAg4EICRASNiS+A1G+wvAKTCoC7A=="
        }
      }
    }
  }
}
